
Microsoft Visual Studio Solution File, Format Version 12.00
# Visual Studio 15
VisualStudioVersion = 15.0.27130.2010
MinimumVisualStudioVersion = 10.0.40219.1
Project("{9A19103F-16F7-4668-BE54-9A1E7A4F7556}") = "hello", "D:\github\Demo\dotcore\hello\hello.csproj", "{DCF32AA9-87D9-42CB-9C3A-4126087620FF}"
EndProject
Project("{9A19103F-16F7-4668-BE54-9A1E7A4F7556}") = "MyApp", "D:\github\Demo\CSharp\MyApp\MyApp.csproj", "{1913E148-3F30-4121-B8BD-3D8CC3EC8376}"
EndProject
Project("{FAE04EC0-301F-11D3-BF4B-00C04F79EFBC}") = "EF", "d:\github\demo\ccharp\EF\EF.csproj", "{C88AA5F6-6468-443F-8AA3-9DC60FCB4E79}"
EndProject
Project("{9A19103F-16F7-4668-BE54-9A1E7A4F7556}") = "EFCore", "EFCore\EFCore.csproj", "{8FC3F22A-C34F-41DC-BA3B-574717407EF2}"
EndProject
Project("{9A19103F-16F7-4668-BE54-9A1E7A4F7556}") = "WebCoreEF", "WebCoreEF\WebCoreEF.csproj", "{1452B373-3500-4081-8A8B-587546B7FC82}"
EndProject
Project("{9A19103F-16F7-4668-BE54-9A1E7A4F7556}") = "WebTest", "ccsharp\WebTest\WebTest.csproj", "{3B3142B9-1540-4571-9A06-43B2B6D0E810}"
EndProject
Project("{9A19103F-16F7-4668-BE54-9A1E7A4F7556}") = "JWTWeb", "csharp\JWTWeb\JWTWeb.csproj", "{C7731D7F-19CC-4EA9-BFEA-15E06E9989D6}"
EndProject
Project("{FAE04EC0-301F-11D3-BF4B-00C04F79EFBC}") = "WcfService", "csharp\WcfService\WcfService.csproj", "{9EF020F6-42A4-41B5-BF27-1B35E10A549A}"
EndProject
Project("{9A19103F-16F7-4668-BE54-9A1E7A4F7556}") = "BasicAuthWeb", "csharp\BasicAuthWeb\BasicAuthWeb.csproj", "{120885BB-9C09-4D23-B734-0ECEFE53A7AB}"
EndProject
Project("{9A19103F-16F7-4668-BE54-9A1E7A4F7556}") = "AuthWeb", "CSharp\AuthWeb\AuthWeb.csproj", "{9ABD04F5-CA5B-4343-9AE0-65228AB0730F}"
EndProject
Project("{9A19103F-16F7-4668-BE54-9A1E7A4F7556}") = "WebMVC", "csharp\WebMVC\WebMVC.csproj", "{CCADEB92-3CF8-4843-880E-376A341F50B0}"
EndProject
Project("{9A19103F-16F7-4668-BE54-9A1E7A4F7556}") = "WebMvc2", "WebMvc2\WebMvc2.csproj", "{40E57A1A-B318-405C-BCD9-28359A9B00AA}"
EndProject
Project("{9A19103F-16F7-4668-BE54-9A1E7A4F7556}") = "AuthoringTagHelpers", "csharp\AuthoringTagHelpers\AuthoringTagHelpers.csproj", "{AFFE0AA8-4BA0-4082-B9E4-808837E584F6}"
EndProject
Project("{9A19103F-16F7-4668-BE54-9A1E7A4F7556}") = "WebAuth1", "csharp\WebAuth1\WebAuth1.csproj", "{F037F729-5CD4-4CFB-893F-CDE73D177006}"
EndProject
Project("{FAE04EC0-301F-11D3-BF4B-00C04F79EFBC}") = "WebApp", "csharp\WebApp\WebApp.csproj", "{4B927BBD-EB71-4EBA-AA25-1C38630365D9}"
EndProject
Global
	GlobalSection(SolutionConfigurationPlatforms) = preSolution
		Debug|Any CPU = Debug|Any CPU
		Release|Any CPU = Release|Any CPU
	EndGlobalSection
	GlobalSection(ProjectConfigurationPlatforms) = postSolution
		{DCF32AA9-87D9-42CB-9C3A-4126087620FF}.Debug|Any CPU.ActiveCfg = Debug|Any CPU
		{DCF32AA9-87D9-42CB-9C3A-4126087620FF}.Debug|Any CPU.Build.0 = Debug|Any CPU
		{DCF32AA9-87D9-42CB-9C3A-4126087620FF}.Release|Any CPU.ActiveCfg = Release|Any CPU
		{DCF32AA9-87D9-42CB-9C3A-4126087620FF}.Release|Any CPU.Build.0 = Release|Any CPU
		{1913E148-3F30-4121-B8BD-3D8CC3EC8376}.Debug|Any CPU.ActiveCfg = Debug|Any CPU
		{1913E148-3F30-4121-B8BD-3D8CC3EC8376}.Debug|Any CPU.Build.0 = Debug|Any CPU
		{1913E148-3F30-4121-B8BD-3D8CC3EC8376}.Release|Any CPU.ActiveCfg = Release|Any CPU
		{1913E148-3F30-4121-B8BD-3D8CC3EC8376}.Release|Any CPU.Build.0 = Release|Any CPU
		{C88AA5F6-6468-443F-8AA3-9DC60FCB4E79}.Debug|Any CPU.ActiveCfg = Debug|Any CPU
		{C88AA5F6-6468-443F-8AA3-9DC60FCB4E79}.Debug|Any CPU.Build.0 = Debug|Any CPU
		{C88AA5F6-6468-443F-8AA3-9DC60FCB4E79}.Release|Any CPU.ActiveCfg = Release|Any CPU
		{C88AA5F6-6468-443F-8AA3-9DC60FCB4E79}.Release|Any CPU.Build.0 = Release|Any CPU
		{8FC3F22A-C34F-41DC-BA3B-574717407EF2}.Debug|Any CPU.ActiveCfg = Debug|Any CPU
		{8FC3F22A-C34F-41DC-BA3B-574717407EF2}.Debug|Any CPU.Build.0 = Debug|Any CPU
		{8FC3F22A-C34F-41DC-BA3B-574717407EF2}.Release|Any CPU.ActiveCfg = Release|Any CPU
		{8FC3F22A-C34F-41DC-BA3B-574717407EF2}.Release|Any CPU.Build.0 = Release|Any CPU
		{1452B373-3500-4081-8A8B-587546B7FC82}.Debug|Any CPU.ActiveCfg = Debug|Any CPU
		{1452B373-3500-4081-8A8B-587546B7FC82}.Debug|Any CPU.Build.0 = Debug|Any CPU
		{1452B373-3500-4081-8A8B-587546B7FC82}.Release|Any CPU.ActiveCfg = Release|Any CPU
		{1452B373-3500-4081-8A8B-587546B7FC82}.Release|Any CPU.Build.0 = Release|Any CPU
		{3B3142B9-1540-4571-9A06-43B2B6D0E810}.Debug|Any CPU.ActiveCfg = Debug|Any CPU
		{3B3142B9-1540-4571-9A06-43B2B6D0E810}.Debug|Any CPU.Build.0 = Debug|Any CPU
		{3B3142B9-1540-4571-9A06-43B2B6D0E810}.Release|Any CPU.ActiveCfg = Release|Any CPU
		{3B3142B9-1540-4571-9A06-43B2B6D0E810}.Release|Any CPU.Build.0 = Release|Any CPU
		{C7731D7F-19CC-4EA9-BFEA-15E06E9989D6}.Debug|Any CPU.ActiveCfg = Debug|Any CPU
		{C7731D7F-19CC-4EA9-BFEA-15E06E9989D6}.Debug|Any CPU.Build.0 = Debug|Any CPU
		{C7731D7F-19CC-4EA9-BFEA-15E06E9989D6}.Release|Any CPU.ActiveCfg = Release|Any CPU
		{C7731D7F-19CC-4EA9-BFEA-15E06E9989D6}.Release|Any CPU.Build.0 = Release|Any CPU
		{9EF020F6-42A4-41B5-BF27-1B35E10A549A}.Debug|Any CPU.ActiveCfg = Debug|Any CPU
		{9EF020F6-42A4-41B5-BF27-1B35E10A549A}.Debug|Any CPU.Build.0 = Debug|Any CPU
		{9EF020F6-42A4-41B5-BF27-1B35E10A549A}.Release|Any CPU.ActiveCfg = Release|Any CPU
		{9EF020F6-42A4-41B5-BF27-1B35E10A549A}.Release|Any CPU.Build.0 = Release|Any CPU
		{120885BB-9C09-4D23-B734-0ECEFE53A7AB}.Debug|Any CPU.ActiveCfg = Debug|Any CPU
		{120885BB-9C09-4D23-B734-0ECEFE53A7AB}.Debug|Any CPU.Build.0 = Debug|Any CPU
		{120885BB-9C09-4D23-B734-0ECEFE53A7AB}.Release|Any CPU.ActiveCfg = Release|Any CPU
		{120885BB-9C09-4D23-B734-0ECEFE53A7AB}.Release|Any CPU.Build.0 = Release|Any CPU
		{9ABD04F5-CA5B-4343-9AE0-65228AB0730F}.Debug|Any CPU.ActiveCfg = Debug|Any CPU
		{9ABD04F5-CA5B-4343-9AE0-65228AB0730F}.Debug|Any CPU.Build.0 = Debug|Any CPU
		{9ABD04F5-CA5B-4343-9AE0-65228AB0730F}.Release|Any CPU.ActiveCfg = Release|Any CPU
		{9ABD04F5-CA5B-4343-9AE0-65228AB0730F}.Release|Any CPU.Build.0 = Release|Any CPU
		{CCADEB92-3CF8-4843-880E-376A341F50B0}.Debug|Any CPU.ActiveCfg = Debug|Any CPU
		{CCADEB92-3CF8-4843-880E-376A341F50B0}.Debug|Any CPU.Build.0 = Debug|Any CPU
		{CCADEB92-3CF8-4843-880E-376A341F50B0}.Release|Any CPU.ActiveCfg = Release|Any CPU
		{CCADEB92-3CF8-4843-880E-376A341F50B0}.Release|Any CPU.Build.0 = Release|Any CPU
		{40E57A1A-B318-405C-BCD9-28359A9B00AA}.Debug|Any CPU.ActiveCfg = Debug|Any CPU
		{40E57A1A-B318-405C-BCD9-28359A9B00AA}.Debug|Any CPU.Build.0 = Debug|Any CPU
		{40E57A1A-B318-405C-BCD9-28359A9B00AA}.Release|Any CPU.ActiveCfg = Release|Any CPU
		{40E57A1A-B318-405C-BCD9-28359A9B00AA}.Release|Any CPU.Build.0 = Release|Any CPU
		{AFFE0AA8-4BA0-4082-B9E4-808837E584F6}.Debug|Any CPU.ActiveCfg = Debug|Any CPU
		{AFFE0AA8-4BA0-4082-B9E4-808837E584F6}.Debug|Any CPU.Build.0 = Debug|Any CPU
		{AFFE0AA8-4BA0-4082-B9E4-808837E584F6}.Release|Any CPU.ActiveCfg = Release|Any CPU
		{AFFE0AA8-4BA0-4082-B9E4-808837E584F6}.Release|Any CPU.Build.0 = Release|Any CPU
		{F037F729-5CD4-4CFB-893F-CDE73D177006}.Debug|Any CPU.ActiveCfg = Debug|Any CPU
		{F037F729-5CD4-4CFB-893F-CDE73D177006}.Debug|Any CPU.Build.0 = Debug|Any CPU
		{F037F729-5CD4-4CFB-893F-CDE73D177006}.Release|Any CPU.ActiveCfg = Release|Any CPU
		{F037F729-5CD4-4CFB-893F-CDE73D177006}.Release|Any CPU.Build.0 = Release|Any CPU
		{4B927BBD-EB71-4EBA-AA25-1C38630365D9}.Debug|Any CPU.ActiveCfg = Debug|Any CPU
		{4B927BBD-EB71-4EBA-AA25-1C38630365D9}.Debug|Any CPU.Build.0 = Debug|Any CPU
		{4B927BBD-EB71-4EBA-AA25-1C38630365D9}.Release|Any CPU.ActiveCfg = Release|Any CPU
		{4B927BBD-EB71-4EBA-AA25-1C38630365D9}.Release|Any CPU.Build.0 = Release|Any CPU
	EndGlobalSection
	GlobalSection(SolutionProperties) = preSolution
		HideSolutionNode = FALSE
	EndGlobalSection
	GlobalSection(ExtensibilityGlobals) = postSolution
		SolutionGuid = {C907D2B0-30DE-4290-9AF5-438E3340AB5B}
	EndGlobalSection
EndGlobal
