
Microsoft Visual Studio Solution File, Format Version 12.00
# Visual Studio 15
VisualStudioVersion = 15.0.27130.2010
MinimumVisualStudioVersion = 10.0.40219.1
Project("{FAE04EC0-301F-11D3-BF4B-00C04F79EFBC}") = "Common", "Common\Common.csproj", "{94394FE4-E507-43C1-ADB2-5A3018956346}"
EndProject
Project("{FAE04EC0-301F-11D3-BF4B-00C04F79EFBC}") = "Business", "Business\Business.csproj", "{E24E7646-9A32-41B1-B319-93741FE78D01}"
EndProject
Project("{FAE04EC0-301F-11D3-BF4B-00C04F79EFBC}") = "XUnitTestProject1", "XUnitTestProject1\XUnitTestProject1.csproj", "{1B829CF5-B8C3-4E88-88C4-5A76AB826756}"
EndProject
Project("{FAE04EC0-301F-11D3-BF4B-00C04F79EFBC}") = "ConsoleApp1", "ConsoleApp1\ConsoleApp1.csproj", "{909AFB3A-4D3A-4682-A860-E7B380834133}"
EndProject
Project("{FAE04EC0-301F-11D3-BF4B-00C04F79EFBC}") = "WebApplication1", "WebApplication1\WebApplication1.csproj", "{6BF8F0D2-501B-4C76-AC31-64DBAA2A786E}"
EndProject
Global
	GlobalSection(SolutionConfigurationPlatforms) = preSolution
		Debug|Any CPU = Debug|Any CPU
		Release|Any CPU = Release|Any CPU
	EndGlobalSection
	GlobalSection(ProjectConfigurationPlatforms) = postSolution
		{94394FE4-E507-43C1-ADB2-5A3018956346}.Debug|Any CPU.ActiveCfg = Debug|Any CPU
		{94394FE4-E507-43C1-ADB2-5A3018956346}.Debug|Any CPU.Build.0 = Debug|Any CPU
		{94394FE4-E507-43C1-ADB2-5A3018956346}.Release|Any CPU.ActiveCfg = Release|Any CPU
		{94394FE4-E507-43C1-ADB2-5A3018956346}.Release|Any CPU.Build.0 = Release|Any CPU
		{E24E7646-9A32-41B1-B319-93741FE78D01}.Debug|Any CPU.ActiveCfg = Debug|Any CPU
		{E24E7646-9A32-41B1-B319-93741FE78D01}.Debug|Any CPU.Build.0 = Debug|Any CPU
		{E24E7646-9A32-41B1-B319-93741FE78D01}.Release|Any CPU.ActiveCfg = Release|Any CPU
		{E24E7646-9A32-41B1-B319-93741FE78D01}.Release|Any CPU.Build.0 = Release|Any CPU
		{1B829CF5-B8C3-4E88-88C4-5A76AB826756}.Debug|Any CPU.ActiveCfg = Debug|Any CPU
		{1B829CF5-B8C3-4E88-88C4-5A76AB826756}.Debug|Any CPU.Build.0 = Debug|Any CPU
		{1B829CF5-B8C3-4E88-88C4-5A76AB826756}.Release|Any CPU.ActiveCfg = Release|Any CPU
		{1B829CF5-B8C3-4E88-88C4-5A76AB826756}.Release|Any CPU.Build.0 = Release|Any CPU
		{909AFB3A-4D3A-4682-A860-E7B380834133}.Debug|Any CPU.ActiveCfg = Debug|Any CPU
		{909AFB3A-4D3A-4682-A860-E7B380834133}.Debug|Any CPU.Build.0 = Debug|Any CPU
		{909AFB3A-4D3A-4682-A860-E7B380834133}.Release|Any CPU.ActiveCfg = Release|Any CPU
		{909AFB3A-4D3A-4682-A860-E7B380834133}.Release|Any CPU.Build.0 = Release|Any CPU
		{6BF8F0D2-501B-4C76-AC31-64DBAA2A786E}.Debug|Any CPU.ActiveCfg = Debug|Any CPU
		{6BF8F0D2-501B-4C76-AC31-64DBAA2A786E}.Debug|Any CPU.Build.0 = Debug|Any CPU
		{6BF8F0D2-501B-4C76-AC31-64DBAA2A786E}.Release|Any CPU.ActiveCfg = Release|Any CPU
		{6BF8F0D2-501B-4C76-AC31-64DBAA2A786E}.Release|Any CPU.Build.0 = Release|Any CPU
	EndGlobalSection
	GlobalSection(SolutionProperties) = preSolution
		HideSolutionNode = FALSE
	EndGlobalSection
	GlobalSection(ExtensibilityGlobals) = postSolution
		SolutionGuid = {7C36A6CF-233C-42DC-911A-D3129CC273FE}
	EndGlobalSection
EndGlobal
